{
  "name": "atelier-cursor-coordinator",
  "lockfileVersion": 3,
  "requires": true,
  "packages": {
    "": {
      "name": "atelier-cursor-coordinator",
      "dependencies": {
        "@cursor/sdk": "1.0.35"
      },
      "engines": {
        "node": ">=22.13"
      }
    },
    "node_modules/@bufbuild/protobuf": {
      "version": "1.10.0",
      "resolved": "https://registry.npmjs.org/@bufbuild/protobuf/-/protobuf-1.10.0.tgz",
      "integrity": "sha512-QDdVFLoN93Zjg36NoQPZfsVH9tZew7wKDKyV5qRdj8ntT4wQCOradQjRaTdwMhWUYsgKsvCINKKm87FdEk96Ag==",
      "license": "(Apache-2.0 AND BSD-3-Clause)",
      "peer": true
    },
    "node_modules/@connectrpc/connect": {
      "version": "1.7.0",
      "resolved": "https://registry.npmjs.org/@connectrpc/connect/-/connect-1.7.0.tgz",
      "integrity": "sha512-iNKdJRi69YP3mq6AePRT8F/HrxWCewrhxnLMNm0vpqXAR8biwzRtO6Hjx80C6UvtKJ5sFmffQT7I4Baecz389w==",
      "license": "Apache-2.0",
      "peer": true,
      "peerDependencies": {
        "@bufbuild/protobuf": "^1.10.0"
      }
    },
    "node_modules/@connectrpc/connect-web": {
      "version": "1.7.0",
      "resolved": "https://registry.npmjs.org/@connectrpc/connect-web/-/connect-web-1.7.0.tgz",
      "integrity": "sha512-qyP0YOnUPRWwCc/VfsoydMJvkb7EyUPr2q9sHgBuJzbADjiqck1gKH5V5ZPzPhTLBvmz5UvG+wiZ5sMRQHU1MQ==",
      "license": "Apache-2.0",
      "peerDependencies": {
        "@bufbuild/protobuf": "^1.10.0",
        "@connectrpc/connect": "1.7.0"
      }
    },
    "node_modules/@cursor/sdk": {
      "version": "1.0.35",
      "resolved": "https://registry.npmjs.org/@cursor/sdk/-/sdk-1.0.35.tgz",
      "integrity": "sha512-CJQR4ocRFm74N1miSqSSrhWyEbvTRIJGyMfHQvZlcBIYzLMXCVPmb1bV82L4NJ8mG9TyvbckEjERjbnzpG5akQ==",
      "license": "SEE LICENSE IN LICENSE.md",
      "dependencies": {
        "@bufbuild/protobuf": "1.10.0",
        "@connectrpc/connect": "^1.6.1",
        "@connectrpc/connect-web": "^1.6.1",
        "@statsig/js-client": "3.31.0",
        "zod": "^3.25.0"
      },
      "engines": {
        "node": ">=22.13"
      },
      "optionalDependencies": {
        "@cursor/sdk-darwin-arm64": "1.0.35",
        "@cursor/sdk-darwin-x64": "1.0.35",
        "@cursor/sdk-linux-arm64": "1.0.35",
        "@cursor/sdk-linux-x64": "1.0.35",
        "@cursor/sdk-win32-x64": "1.0.35"
      }
    },
    "node_modules/@cursor/sdk-darwin-arm64": {
      "version": "1.0.35",
      "resolved": "https://registry.npmjs.org/@cursor/sdk-darwin-arm64/-/sdk-darwin-arm64-1.0.35.tgz",
      "integrity": "sha512-q9/y2NHTGnE0iwMfJ+FIHmj2gDGDRy45fH3rF3SAFGEGzM4xh726r64n6hH4OQYwKhcMqhqxbPGBpXHd5lRW4A==",
      "cpu": [
        "arm64"
      ],
      "license": "SEE LICENSE IN LICENSE.md",
      "optional": true,
      "os": [
        "darwin"
      ],
      "bin": {
        "rg": "bin/rg"
      }
    },
    "node_modules/@cursor/sdk-darwin-x64": {
      "version": "1.0.35",
      "resolved": "https://registry.npmjs.org/@cursor/sdk-darwin-x64/-/sdk-darwin-x64-1.0.35.tgz",
      "integrity": "sha512-0IGwzNr3Lq9IrcIRU4AlT7kTkwwVhRpQyjHqhvnKdgtn+WFYShr9gqTb44leihi/Cbf7a76yEdCgpfScBCPtxQ==",
      "cpu": [
        "x64"
      ],
      "license": "SEE LICENSE IN LICENSE.md",
      "optional": true,
      "os": [
        "darwin"
      ],
      "bin": {
        "rg": "bin/rg"
      }
    },
    "node_modules/@cursor/sdk-linux-arm64": {
      "version": "1.0.35",
      "resolved": "https://registry.npmjs.org/@cursor/sdk-linux-arm64/-/sdk-linux-arm64-1.0.35.tgz",
      "integrity": "sha512-AAx2DBqOc21kIwKuHRLl+4bCbuU7Su/BWY+TzXMgMsxAOHvLDGg7SGVvHOMV4ENczbOEcO4zc3XDbmQB4x3rdw==",
      "cpu": [
        "arm64"
      ],
      "license": "SEE LICENSE IN LICENSE.md",
      "optional": true,
      "os": [
        "linux"
      ],
      "bin": {
        "rg": "bin/rg"
      }
    },
    "node_modules/@cursor/sdk-linux-x64": {
      "version": "1.0.35",
      "resolved": "https://registry.npmjs.org/@cursor/sdk-linux-x64/-/sdk-linux-x64-1.0.35.tgz",
      "integrity": "sha512-3PABXvbT/Ue3jN+ytWcNDPBWptAiJv4qzxL0m2rma3e7kyx/Q1/8FYRYunIpX21HfPGgDSURlWztEov1xdZs3Q==",
      "cpu": [
        "x64"
      ],
      "license": "SEE LICENSE IN LICENSE.md",
      "optional": true,
      "os": [
        "linux"
      ],
      "bin": {
        "rg": "bin/rg"
      }
    },
    "node_modules/@cursor/sdk-win32-x64": {
      "version": "1.0.35",
      "resolved": "https://registry.npmjs.org/@cursor/sdk-win32-x64/-/sdk-win32-x64-1.0.35.tgz",
      "integrity": "sha512-zADtORY6QRMCBTckxTieAKxcthRiefNNHxVhX2RtO3pQGa4iQwTrHjmjUw0nqCF6sJlCrQ58DTgkrz+BZhLEcw==",
      "cpu": [
        "x64"
      ],
      "license": "SEE LICENSE IN LICENSE.md",
      "optional": true,
      "os": [
        "win32"
      ],
      "bin": {
        "rg": "bin/rg.exe"
      }
    },
    "node_modules/@statsig/client-core": {
      "version": "3.31.0",
      "resolved": "https://registry.npmjs.org/@statsig/client-core/-/client-core-3.31.0.tgz",
      "integrity": "sha512-SuxQD6TmVszPG7FoMKwTk/uyBuVFk7XnxI3T/E0uyb7PL7GNjONtfsoh+NqBBVUJVse0CUeSFfgJPoZy1ZOslQ==",
      "license": "ISC"
    },
    "node_modules/@statsig/js-client": {
      "version": "3.31.0",
      "resolved": "https://registry.npmjs.org/@statsig/js-client/-/js-client-3.31.0.tgz",
      "integrity": "sha512-LFa5E0LjT6sTfZv3sNGoyRLSZ1078+agdgOA+Vm1ecjG+KbSOfBLTW7hMwimrJ29slRwbYDzbtKaPJo/R37N2g==",
      "license": "ISC",
      "dependencies": {
        "@statsig/client-core": "3.31.0"
      }
    },
    "node_modules/zod": {
      "version": "3.25.76",
      "resolved": "https://registry.npmjs.org/zod/-/zod-3.25.76.tgz",
      "integrity": "sha512-gzUt/qt81nXsFGKIFcC3YnfEAx5NkunCfnDlvuBSSFS02bcXu4Lmea0AFIUwbLWxWPx3d9p8S5QoaujKcNQxcQ==",
      "license": "MIT",
      "funding": {
        "url": "https://github.com/sponsors/colinhacks"
      }
    }
  }
}
